lockfileVersion: '9.0'

settings:
  autoInstallPeers: true
  excludeLinksFromLockfile: false

importers:

  .:
    dependencies:
      country-state-city:
        specifier: ^3.2.1
        version: 3.2.1
      polka:
        specifier: ^0.5.2
        version: 0.5.2
    devDependencies:
      '@types/node':
        specifier: ^22.5.5
        version: 22.5.5

packages:

  '@arr/every@1.0.1':
    resolution: {integrity: sha512-UQFQ6SgyJ6LX42W8rHCs8KVc0JS0tzVL9ct4XYedJukskYVWTo49tNiMEK9C2HTyarbNiT/RVIRSY82vH+6sTg==}
    engines: {node: '>=4'}

  '@polka/url@0.5.0':
    resolution: {integrity: sha512-oZLYFEAzUKyi3SKnXvj32ZCEGH6RDnao7COuCVhDydMS9NrCSVXhM79VaKyP5+Zc33m0QXEd2DN3UkU7OsHcfw==}

  '@types/node@22.5.5':
    resolution: {integrity: sha512-Xjs4y5UPO/CLdzpgR6GirZJx36yScjh73+2NlLlkFRSoQN8B0DpfXPdZGnvVmLRLOsqDpOfTNv7D9trgGhmOIA==}

  country-state-city@3.2.1:
    resolution: {integrity: sha512-kxbanqMc6izjhc/EHkGPCTabSPZ2G6eG4/97akAYHJUN4stzzFEvQPZoF8oXDQ+10gM/O/yUmISCR1ZVxyb6EA==}

  matchit@1.1.0:
    resolution: {integrity: sha512-+nGYoOlfHmxe5BW5tE0EMJppXEwdSf8uBA1GTZC7Q77kbT35+VKLYJMzVNWCHSsga1ps1tPYFtFyvxvKzWVmMA==}
    engines: {node: '>=6'}

  polka@0.5.2:
    resolution: {integrity: sha512-FVg3vDmCqP80tOrs+OeNlgXYmFppTXdjD5E7I4ET1NjvtNmQrb1/mJibybKkb/d4NA7YWAr1ojxuhpL3FHqdlw==}

  trouter@2.0.1:
    resolution: {integrity: sha512-kr8SKKw94OI+xTGOkfsvwZQ8mWoikZDd2n8XZHjJVZUARZT+4/VV6cacRS6CLsH9bNm+HFIPU1Zx4CnNnb4qlQ==}
    engines: {node: '>=6'}

  undici-types@6.19.8:
    resolution: {integrity: sha512-ve2KP6f/JnbPBFyobGHuerC9g1FYGn/F8n1LWTwNxCEzd6IfqTwUQcNXgEtmmQ6DlRrC1hrSrBnCZPokRrDHjw==}

snapshots:

  '@arr/every@1.0.1': {}

  '@polka/url@0.5.0': {}

  '@types/node@22.5.5':
    dependencies:
      undici-types: 6.19.8

  country-state-city@3.2.1: {}

  matchit@1.1.0:
    dependencies:
      '@arr/every': 1.0.1

  polka@0.5.2:
    dependencies:
      '@polka/url': 0.5.0
      trouter: 2.0.1

  trouter@2.0.1:
    dependencies:
      matchit: 1.1.0

  undici-types@6.19.8: {}
