lockfileVersion: '9.0'

settings:
  autoInstallPeers: true
  excludeLinksFromLockfile: false

importers:

  .:
    dependencies:
      country-state-city:
        specifier: ^3.2.1
        version: 3.2.1
      helmet:
        specifier: ^7.1.0
        version: 7.1.0
      polka:
        specifier: ^0.5.2
        version: 0.5.2
      polka-bearer-token:
        specifier: ^0.2.4
        version: 0.2.4(polka@0.5.2)
      tslib:
        specifier: ^2.7.0
        version: 2.7.0
    devDependencies:
      '@types/node':
        specifier: ^22.5.5
        version: 22.5.5
      '@types/polka':
        specifier: ^0.5.7
        version: 0.5.7

packages:

  '@arr/every@1.0.1':
    resolution: {integrity: sha512-UQFQ6SgyJ6LX42W8rHCs8KVc0JS0tzVL9ct4XYedJukskYVWTo49tNiMEK9C2HTyarbNiT/RVIRSY82vH+6sTg==}
    engines: {node: '>=4'}

  '@polka/url@0.5.0':
    resolution: {integrity: sha512-oZLYFEAzUKyi3SKnXvj32ZCEGH6RDnao7COuCVhDydMS9NrCSVXhM79VaKyP5+Zc33m0QXEd2DN3UkU7OsHcfw==}

  '@types/body-parser@1.19.5':
    resolution: {integrity: sha512-fB3Zu92ucau0iQ0JMCFQE7b/dv8Ot07NI3KaZIkIUNXq82k4eBAqUaneXfleGY9JWskeS9y+u0nXMyspcuQrCg==}

  '@types/connect@3.4.38':
    resolution: {integrity: sha512-K6uROf1LD88uDQqJCktA4yzL1YYAK6NgfsI0v/mTgyPKWsX1CnJ0XPSDhViejru1GcRkLWb8RlzFYJRqGUbaug==}

  '@types/express-serve-static-core@4.19.5':
    resolution: {integrity: sha512-y6W03tvrACO72aijJ5uF02FRq5cgDR9lUxddQ8vyF+GvmjJQqbzDcJngEjURc+ZsG31VI3hODNZJ2URj86pzmg==}

  '@types/express@4.17.21':
    resolution: {integrity: sha512-ejlPM315qwLpaQlQDTjPdsUFSc6ZsP4AN6AlWnogPjQ7CVi7PYF3YVz+CY3jE2pwYf7E/7HlDAN0rV2GxTG0HQ==}

  '@types/http-errors@2.0.4':
    resolution: {integrity: sha512-D0CFMMtydbJAegzOyHjtiKPLlvnm3iTZyZRSZoLq2mRhDdmLfIWOCYPfQJ4cu2erKghU++QvjcUjp/5h7hESpA==}

  '@types/mime@1.3.5':
    resolution: {integrity: sha512-/pyBZWSLD2n0dcHE3hq8s8ZvcETHtEuF+3E7XVt0Ig2nvsVQXdghHVcEkIWjy9A0wKfTn97a/PSDYohKIlnP/w==}

  '@types/node@22.5.5':
    resolution: {integrity: sha512-Xjs4y5UPO/CLdzpgR6GirZJx36yScjh73+2NlLlkFRSoQN8B0DpfXPdZGnvVmLRLOsqDpOfTNv7D9trgGhmOIA==}

  '@types/polka@0.5.7':
    resolution: {integrity: sha512-TH8CDXM8zoskPCNmWabtK7ziGv9Q21s4hMZLVYK5HFEfqmGXBqq/Wgi7jNELWXftZK/1J/9CezYa06x1RKeQ+g==}

  '@types/qs@6.9.16':
    resolution: {integrity: sha512-7i+zxXdPD0T4cKDuxCUXJ4wHcsJLwENa6Z3dCu8cfCK743OGy5Nu1RmAGqDPsoTDINVEcdXKRvR/zre+P2Ku1A==}

  '@types/range-parser@1.2.7':
    resolution: {integrity: sha512-hKormJbkJqzQGhziax5PItDUTMAM9uE2XXQmM37dyd4hVM+5aVl7oVxMVUiVQn2oCQFN/LKCZdvSM0pFRqbSmQ==}

  '@types/send@0.17.4':
    resolution: {integrity: sha512-x2EM6TJOybec7c52BX0ZspPodMsQUd5L6PRwOunVyVUhXiBSKf3AezDL8Dgvgt5o0UfKNfuA0eMLr2wLT4AiBA==}

  '@types/serve-static@1.15.7':
    resolution: {integrity: sha512-W8Ym+h8nhuRwaKPaDw34QUkwsGi6Rc4yYqvKFo5rm2FUEhCFbzVWrxXUxuKK8TASjWsysJY0nsmNCGhCOIsrOw==}

  '@types/trouter@3.1.4':
    resolution: {integrity: sha512-4YIL/2AvvZqKBWenjvEpxpblT2KGO6793ipr5QS7/6DpQ3O3SwZGgNGWezxf3pzeYZc24a2pJIrR/+Jxh/wYNQ==}

  cookie-parser@1.4.6:
    resolution: {integrity: sha512-z3IzaNjdwUC2olLIB5/ITd0/setiaFMLYiZJle7xg5Fe9KWAceil7xszYfHHBtDFYLSgJduS2Ty0P1uJdPDJeA==}
    engines: {node: '>= 0.8.0'}

  cookie-signature@1.0.6:
    resolution: {integrity: sha512-QADzlaHc8icV8I7vbaJXJwod9HWYp8uCqf1xa4OfNu1T7JVxQIrUgOWtHdNDtPiywmFbiS12VjotIXLrKM3orQ==}

  cookie@0.4.1:
    resolution: {integrity: sha512-ZwrFkGJxUR3EIoXtO+yVE69Eb7KlixbaeAWfBQB9vVsNn/o+Yw69gBWSSDK825hQNdN+wF8zELf3dFNl/kxkUA==}
    engines: {node: '>= 0.6'}

  cookie@0.6.0:
    resolution: {integrity: sha512-U71cyTamuh1CRNCfpGY6to28lxvNwPG4Guz/EVjgf3Jmzv0vlDp1atT9eS5dDjMYHucpHbWns6Lwf3BKz6svdw==}
    engines: {node: '>= 0.6'}

  country-state-city@3.2.1:
    resolution: {integrity: sha512-kxbanqMc6izjhc/EHkGPCTabSPZ2G6eG4/97akAYHJUN4stzzFEvQPZoF8oXDQ+10gM/O/yUmISCR1ZVxyb6EA==}

  helmet@7.1.0:
    resolution: {integrity: sha512-g+HZqgfbpXdCkme/Cd/mZkV0aV3BZZZSugecH03kl38m/Kmdx8jKjBikpDj2cr+Iynv4KpYEviojNdTJActJAg==}
    engines: {node: '>=16.0.0'}

  matchit@1.1.0:
    resolution: {integrity: sha512-+nGYoOlfHmxe5BW5tE0EMJppXEwdSf8uBA1GTZC7Q77kbT35+VKLYJMzVNWCHSsga1ps1tPYFtFyvxvKzWVmMA==}
    engines: {node: '>=6'}

  polka-bearer-token@0.2.4:
    resolution: {integrity: sha512-t/fzz8r8wzvXheRdR1ZYkfG8B9LeluXBs1YH4QekbSo3tmQPmWu+PiItHhxN0LRTov65E+kWwbbRluw5rS288w==}
    engines: {node: ^18.18 || ^20.8 || ^21}
    peerDependencies:
      polka: '>=1.0.0-next'

  polka@0.5.2:
    resolution: {integrity: sha512-FVg3vDmCqP80tOrs+OeNlgXYmFppTXdjD5E7I4ET1NjvtNmQrb1/mJibybKkb/d4NA7YWAr1ojxuhpL3FHqdlw==}

  trouter@2.0.1:
    resolution: {integrity: sha512-kr8SKKw94OI+xTGOkfsvwZQ8mWoikZDd2n8XZHjJVZUARZT+4/VV6cacRS6CLsH9bNm+HFIPU1Zx4CnNnb4qlQ==}
    engines: {node: '>=6'}

  tslib@2.7.0:
    resolution: {integrity: sha512-gLXCKdN1/j47AiHiOkJN69hJmcbGTHI0ImLmbYLHykhgeN0jVGola9yVjFgzCUklsZQMW55o+dW7IXv3RCXDzA==}

  undici-types@6.19.8:
    resolution: {integrity: sha512-ve2KP6f/JnbPBFyobGHuerC9g1FYGn/F8n1LWTwNxCEzd6IfqTwUQcNXgEtmmQ6DlRrC1hrSrBnCZPokRrDHjw==}

snapshots:

  '@arr/every@1.0.1': {}

  '@polka/url@0.5.0': {}

  '@types/body-parser@1.19.5':
    dependencies:
      '@types/connect': 3.4.38
      '@types/node': 22.5.5

  '@types/connect@3.4.38':
    dependencies:
      '@types/node': 22.5.5

  '@types/express-serve-static-core@4.19.5':
    dependencies:
      '@types/node': 22.5.5
      '@types/qs': 6.9.16
      '@types/range-parser': 1.2.7
      '@types/send': 0.17.4

  '@types/express@4.17.21':
    dependencies:
      '@types/body-parser': 1.19.5
      '@types/express-serve-static-core': 4.19.5
      '@types/qs': 6.9.16
      '@types/serve-static': 1.15.7

  '@types/http-errors@2.0.4': {}

  '@types/mime@1.3.5': {}

  '@types/node@22.5.5':
    dependencies:
      undici-types: 6.19.8

  '@types/polka@0.5.7':
    dependencies:
      '@types/express': 4.17.21
      '@types/express-serve-static-core': 4.19.5
      '@types/node': 22.5.5
      '@types/trouter': 3.1.4

  '@types/qs@6.9.16': {}

  '@types/range-parser@1.2.7': {}

  '@types/send@0.17.4':
    dependencies:
      '@types/mime': 1.3.5
      '@types/node': 22.5.5

  '@types/serve-static@1.15.7':
    dependencies:
      '@types/http-errors': 2.0.4
      '@types/node': 22.5.5
      '@types/send': 0.17.4

  '@types/trouter@3.1.4': {}

  cookie-parser@1.4.6:
    dependencies:
      cookie: 0.4.1
      cookie-signature: 1.0.6

  cookie-signature@1.0.6: {}

  cookie@0.4.1: {}

  cookie@0.6.0: {}

  country-state-city@3.2.1: {}

  helmet@7.1.0: {}

  matchit@1.1.0:
    dependencies:
      '@arr/every': 1.0.1

  polka-bearer-token@0.2.4(polka@0.5.2):
    dependencies:
      cookie: 0.6.0
      cookie-parser: 1.4.6
      polka: 0.5.2

  polka@0.5.2:
    dependencies:
      '@polka/url': 0.5.0
      trouter: 2.0.1

  trouter@2.0.1:
    dependencies:
      matchit: 1.1.0

  tslib@2.7.0: {}

  undici-types@6.19.8: {}
